
Microsoft Visual Studio Solution File, Format Version 12.00
# Visual Studio Version 17
VisualStudioVersion = 17.14.36811.4 d17.14
MinimumVisualStudioVersion = 10.0.40219.1
Project("{FAE04EC0-301F-11D3-BF4B-00C04F79EFBC}") = "KurWıdget", "KurWıdget.csproj", "{A21B5FEB-A90E-4363-890C-FF8C1E201B11}"
EndProject
Global
	GlobalSection(SolutionConfigurationPlatforms) = preSolution
		Debug|Any CPU = Debug|Any CPU
		Release|Any CPU = Release|Any CPU
	EndGlobalSection
	GlobalSection(ProjectConfigurationPlatforms) = postSolution
		{A21B5FEB-A90E-4363-890C-FF8C1E201B11}.Debug|Any CPU.ActiveCfg = Debug|Any CPU
		{A21B5FEB-A90E-4363-890C-FF8C1E201B11}.Debug|Any CPU.Build.0 = Debug|Any CPU
		{A21B5FEB-A90E-4363-890C-FF8C1E201B11}.Release|Any CPU.ActiveCfg = Release|Any CPU
		{A21B5FEB-A90E-4363-890C-FF8C1E201B11}.Release|Any CPU.Build.0 = Release|Any CPU
	EndGlobalSection
	GlobalSection(SolutionProperties) = preSolution
		HideSolutionNode = FALSE
	EndGlobalSection
	GlobalSection(ExtensibilityGlobals) = postSolution
		SolutionGuid = {F0AC1CA9-B127-418C-98D7-579670004F56}
	EndGlobalSection
EndGlobal
